
Microsoft Visual Studio Solution File, Format Version 12.00
# Visual Studio 15
VisualStudioVersion = 15.0.26124.0
MinimumVisualStudioVersion = 15.0.26124.0
Project("{FAE04EC0-301F-11D3-BF4B-00C04F79EFBC}") = "SirSimulation", "SirSimulation\SirSimulation.csproj", "{19B14268-F8F1-498E-BE37-C33D4C4503D9}"
EndProject
Project("{FAE04EC0-301F-11D3-BF4B-00C04F79EFBC}") = "SirSimulation.DesktopGL", "SirSimulation.DesktopGL\SirSimulation.DesktopGL.csproj", "{849D76C5-4278-470C-8629-F9FD2C4D20B0}"
EndProject
Global
	GlobalSection(SolutionConfigurationPlatforms) = preSolution
		Debug|Any CPU = Debug|Any CPU
		Debug|x64 = Debug|x64
		Debug|x86 = Debug|x86
		Release|Any CPU = Release|Any CPU
		Release|x64 = Release|x64
		Release|x86 = Release|x86
	EndGlobalSection
	GlobalSection(SolutionProperties) = preSolution
		HideSolutionNode = FALSE
	EndGlobalSection
	GlobalSection(ProjectConfigurationPlatforms) = postSolution
		{19B14268-F8F1-498E-BE37-C33D4C4503D9}.Debug|Any CPU.ActiveCfg = Debug|Any CPU
		{19B14268-F8F1-498E-BE37-C33D4C4503D9}.Debug|Any CPU.Build.0 = Debug|Any CPU
		{19B14268-F8F1-498E-BE37-C33D4C4503D9}.Debug|x64.ActiveCfg = Debug|Any CPU
		{19B14268-F8F1-498E-BE37-C33D4C4503D9}.Debug|x64.Build.0 = Debug|Any CPU
		{19B14268-F8F1-498E-BE37-C33D4C4503D9}.Debug|x86.ActiveCfg = Debug|Any CPU
		{19B14268-F8F1-498E-BE37-C33D4C4503D9}.Debug|x86.Build.0 = Debug|Any CPU
		{19B14268-F8F1-498E-BE37-C33D4C4503D9}.Release|Any CPU.ActiveCfg = Release|Any CPU
		{19B14268-F8F1-498E-BE37-C33D4C4503D9}.Release|Any CPU.Build.0 = Release|Any CPU
		{19B14268-F8F1-498E-BE37-C33D4C4503D9}.Release|x64.ActiveCfg = Release|Any CPU
		{19B14268-F8F1-498E-BE37-C33D4C4503D9}.Release|x64.Build.0 = Release|Any CPU
		{19B14268-F8F1-498E-BE37-C33D4C4503D9}.Release|x86.ActiveCfg = Release|Any CPU
		{19B14268-F8F1-498E-BE37-C33D4C4503D9}.Release|x86.Build.0 = Release|Any CPU
		{849D76C5-4278-470C-8629-F9FD2C4D20B0}.Debug|Any CPU.ActiveCfg = Debug|Any CPU
		{849D76C5-4278-470C-8629-F9FD2C4D20B0}.Debug|Any CPU.Build.0 = Debug|Any CPU
		{849D76C5-4278-470C-8629-F9FD2C4D20B0}.Debug|x64.ActiveCfg = Debug|Any CPU
		{849D76C5-4278-470C-8629-F9FD2C4D20B0}.Debug|x64.Build.0 = Debug|Any CPU
		{849D76C5-4278-470C-8629-F9FD2C4D20B0}.Debug|x86.ActiveCfg = Debug|Any CPU
		{849D76C5-4278-470C-8629-F9FD2C4D20B0}.Debug|x86.Build.0 = Debug|Any CPU
		{849D76C5-4278-470C-8629-F9FD2C4D20B0}.Release|Any CPU.ActiveCfg = Release|Any CPU
		{849D76C5-4278-470C-8629-F9FD2C4D20B0}.Release|Any CPU.Build.0 = Release|Any CPU
		{849D76C5-4278-470C-8629-F9FD2C4D20B0}.Release|x64.ActiveCfg = Release|Any CPU
		{849D76C5-4278-470C-8629-F9FD2C4D20B0}.Release|x64.Build.0 = Release|Any CPU
		{849D76C5-4278-470C-8629-F9FD2C4D20B0}.Release|x86.ActiveCfg = Release|Any CPU
		{849D76C5-4278-470C-8629-F9FD2C4D20B0}.Release|x86.Build.0 = Release|Any CPU
	EndGlobalSection
EndGlobal
